// !$*UTF8*$!
{
	archiveVersion = 1;
	classes = {
	};
	objectVersion = 50;
	objects = {

/* Begin PBXBuildFile section */
		030504F925CF25580066F19D /* AppDelegate.swift in Sources */ = {isa = PBXBuildFile; fileRef = 030504F825CF25580066F19D /* AppDelegate.swift */; };
		030504FB25CF25580066F19D /* SceneDelegate.swift in Sources */ = {isa = PBXBuildFile; fileRef = 030504FA25CF25580066F19D /* SceneDelegate.swift */; };
		030504FD25CF25580066F19D /* ContentView.swift in Sources */ = {isa = PBXBuildFile; fileRef = 030504FC25CF25580066F19D /* ContentView.swift */; };
		0305050025CF25580066F19D /* Instaframe.xcdatamodeld in Sources */ = {isa = PBXBuildFile; fileRef = 030504FE25CF25580066F19D /* Instaframe.xcdatamodeld */; };
		0305050225CF255C0066F19D /* Assets.xcassets in Resources */ = {isa = PBXBuildFile; fileRef = 0305050125CF255C0066F19D /* Assets.xcassets */; };
		0305050525CF255C0066F19D /* Preview Assets.xcassets in Resources */ = {isa = PBXBuildFile; fileRef = 0305050425CF255C0066F19D /* Preview Assets.xcassets */; };
		0305050825CF255C0066F19D /* LaunchScreen.storyboard in Resources */ = {isa = PBXBuildFile; fileRef = 0305050625CF255C0066F19D /* LaunchScreen.storyboard */; };
/* End PBXBuildFile section */

/* Begin PBXFileReference section */
		030504F525CF25580066F19D /* Instaframe.app */ = {isa = PBXFileReference; explicitFileType = wrapper.application; includeInIndex = 0; path = Instaframe.app; sourceTree = BUILT_PRODUCTS_DIR; };
		030504F825CF25580066F19D /* AppDelegate.swift */ = {isa = PBXFileReference; lastKnownFileType = sourcecode.swift; path = AppDelegate.swift; sourceTree = "<group>"; };
		030504FA25CF25580066F19D /* SceneDelegate.swift */ = {isa = PBXFileReference; lastKnownFileType = sourcecode.swift; path = SceneDelegate.swift; sourceTree = "<group>"; };
		030504FC25CF25580066F19D /* ContentView.swift */ = {isa = PBXFileReference; lastKnownFileType = sourcecode.swift; path = ContentView.swift; sourceTree = "<group>"; };
		030504FF25CF25580066F19D /* Instaframe.xcdatamodel */ = {isa = PBXFileReference; lastKnownFileType = wrapper.xcdatamodel; path = Instaframe.xcdatamodel; sourceTree = "<group>"; };
		0305050125CF255C0066F19D /* Assets.xcassets */ = {isa = PBXFileReference; lastKnownFileType = folder.assetcatalog; path = Assets.xcassets; sourceTree = "<group>"; };
		0305050425CF255C0066F19D /* Preview Assets.xcassets */ = {isa = PBXFileReference; lastKnownFileType = folder.assetcatalog; path = "Preview Assets.xcassets"; sourceTree = "<group>"; };
		0305050725CF255C0066F19D /* Base */ = {isa = PBXFileReference; lastKnownFileType = file.storyboard; name = Base; path = Base.lproj/LaunchScreen.storyboard; sourceTree = "<group>"; };
		0305050925CF255C0066F19D /* Info.plist */ = {isa = PBXFileReference; lastKnownFileType = text.plist.xml; path = Info.plist; sourceTree = "<group>"; };
/* End PBXFileReference section */

/* Begin PBXFrameworksBuildPhase section */
		030504F225CF25580066F19D /* Frameworks */ = {
			isa = PBXFrameworksBuildPhase;
			buildActionMask = 2147483647;
			files = (
			);
			runOnlyForDeploymentPostprocessing = 0;
		};
/* End PBXFrameworksBuildPhase section */

/* Begin PBXGroup section */
		030504EC25CF25580066F19D = {
			isa = PBXGroup;
			children = (
				030504F725CF25580066F19D /* Instaframe */,
				030504F625CF25580066F19D /* Products */,
			);
			sourceTree = "<group>";
		};
		030504F625CF25580066F19D /* Products */ = {
			isa = PBXGroup;
			children = (
				030504F525CF25580066F19D /* Instaframe.app */,
			);
			name = Products;
			sourceTree = "<group>";
		};
		030504F725CF25580066F19D /* Instaframe */ = {
			isa = PBXGroup;
			children = (
				030504F825CF25580066F19D /* AppDelegate.swift */,
				030504FA25CF25580066F19D /* SceneDelegate.swift */,
				030504FC25CF25580066F19D /* ContentView.swift */,
				0305050125CF255C0066F19D /* Assets.xcassets */,
				0305050625CF255C0066F19D /* LaunchScreen.storyboard */,
				0305050925CF255C0066F19D /* Info.plist */,
				030504FE25CF25580066F19D /* Instaframe.xcdatamodeld */,
				0305050325CF255C0066F19D /* Preview Content */,
			);
			path = Instaframe;
			sourceTree = "<group>";
		};
		0305050325CF255C0066F19D /* Preview Content */ = {
			isa = PBXGroup;
			children = (
				0305050425CF255C0066F19D /* Preview Assets.xcassets */,
			);
			path = "Preview Content";
			sourceTree = "<group>";
		};
/* End PBXGroup section */

/* Begin PBXNativeTarget section */
		030504F425CF25580066F19D /* Instaframe */ = {
			isa = PBXNativeTarget;
			buildConfigurationList = 0305050C25CF255C0066F19D /* Build configuration list for PBXNativeTarget "Instaframe" */;
			buildPhases = (
				030504F125CF25580066F19D /* Sources */,
				030504F225CF25580066F19D /* Frameworks */,
				030504F325CF25580066F19D /* Resources */,
			);
			buildRules = (
			);
			dependencies = (
			);
			name = Instaframe;
			productName = Instaframe;
			productReference = 030504F525CF25580066F19D /* Instaframe.app */;
			productType = "com.apple.product-type.application";
		};
/* End PBXNativeTarget section */

/* Begin PBXProject section */
		030504ED25CF25580066F19D /* Project object */ = {
			isa = PBXProject;
			attributes = {
				LastSwiftUpdateCheck = 1220;
				LastUpgradeCheck = 1220;
				TargetAttributes = {
					030504F425CF25580066F19D = {
						CreatedOnToolsVersion = 12.2;
					};
				};
			};
			buildConfigurationList = 030504F025CF25580066F19D /* Build configuration list for PBXProject "Instaframe" */;
			compatibilityVersion = "Xcode 9.3";
			developmentRegion = en;
			hasScannedForEncodings = 0;
			knownRegions = (
				en,
				Base,
			);
			mainGroup = 030504EC25CF25580066F19D;
			productRefGroup = 030504F625CF25580066F19D /* Products */;
			projectDirPath = "";
			projectRoot = "";
			targets = (
				030504F425CF25580066F19D /* Instaframe */,
			);
		};
/* End PBXProject section */

/* Begin PBXResourcesBuildPhase section */
		030504F325CF25580066F19D /* Resources */ = {
			isa = PBXResourcesBuildPhase;
			buildActionMask = 2147483647;
			files = (
				0305050825CF255C0066F19D /* LaunchScreen.storyboard in Resources */,
				0305050525CF255C0066F19D /* Preview Assets.xcassets in Resources */,
				0305050225CF255C0066F19D /* Assets.xcassets in Resources */,
			);
			runOnlyForDeploymentPostprocessing = 0;
		};
/* End PBXResourcesBuildPhase section */

/* Begin PBXSourcesBuildPhase section */
		030504F125CF25580066F19D /* Sources */ = {
			isa = PBXSourcesBuildPhase;
			buildActionMask = 2147483647;
			files = (
				030504F925CF25580066F19D /* AppDelegate.swift in Sources */,
				0305050025CF25580066F19D /* Instaframe.xcdatamodeld in Sources */,
				030504FB25CF25580066F19D /* SceneDelegate.swift in Sources */,
				030504FD25CF25580066F19D /* ContentView.swift in Sources */,
			);
			runOnlyForDeploymentPostprocessing = 0;
		};
/* End PBXSourcesBuildPhase section */

/* Begin PBXVariantGroup section */
		0305050625CF255C0066F19D /* LaunchScreen.storyboard */ = {
			isa = PBXVariantGroup;
			children = (
				0305050725CF255C0066F19D /* Base */,
			);
			name = LaunchScreen.storyboard;
			sourceTree = "<group>";
		};
/* End PBXVariantGroup section */

/* Begin XCBuildConfiguration section */
		0305050A25CF255C0066F19D /* Debug */ = {
			isa = XCBuildConfiguration;
			buildSettings = {
				ALWAYS_SEARCH_USER_PATHS = NO;
				CLANG_ANALYZER_NONNULL = YES;
				CLANG_ANALYZER_NUMBER_OBJECT_CONVERSION = YES_AGGRESSIVE;
				CLANG_CXX_LANGUAGE_STANDARD = "gnu++14";
				CLANG_CXX_LIBRARY = "libc++";
				CLANG_ENABLE_MODULES = YES;
				CLANG_ENABLE_OBJC_ARC = YES;
				CLANG_ENABLE_OBJC_WEAK = YES;
				CLANG_WARN_BLOCK_CAPTURE_AUTORELEASING = YES;
				CLANG_WARN_BOOL_CONVERSION = YES;
				CLANG_WARN_COMMA = YES;
				CLANG_WARN_CONSTANT_CONVERSION = YES;
				CLANG_WARN_DEPRECATED_OBJC_IMPLEMENTATIONS = YES;
				CLANG_WARN_DIRECT_OBJC_ISA_USAGE = YES_ERROR;
				CLANG_WARN_DOCUMENTATION_COMMENTS = YES;
				CLANG_WARN_EMPTY_BODY = YES;
				CLANG_WARN_ENUM_CONVERSION = YES;
				CLANG_WARN_INFINITE_RECURSION = YES;
				CLANG_WARN_INT_CONVERSION = YES;
				CLANG_WARN_NON_LITERAL_NULL_CONVERSION = YES;
				CLANG_WARN_OBJC_IMPLICIT_RETAIN_SELF = YES;
				CLANG_WARN_OBJC_LITERAL_CONVERSION = YES;
				CLANG_WARN_OBJC_ROOT_CLASS = YES_ERROR;
				CLANG_WARN_QUOTED_INCLUDE_IN_FRAMEWORK_HEADER = YES;
				CLANG_WARN_RANGE_LOOP_ANALYSIS = YES;
				CLANG_WARN_STRICT_PROTOTYPES = YES;
				CLANG_WARN_SUSPICIOUS_MOVE = YES;
				CLANG_WARN_UNGUARDED_AVAILABILITY = YES_AGGRESSIVE;
				CLANG_WARN_UNREACHABLE_CODE = YES;
				CLANG_WARN__DUPLICATE_METHOD_MATCH = YES;
				COPY_PHASE_STRIP = NO;
				DEBUG_INFORMATION_FORMAT = dwarf;
				ENABLE_STRICT_OBJC_MSGSEND = YES;
				ENABLE_TESTABILITY = YES;
				GCC_C_LANGUAGE_STANDARD = gnu11;
				GCC_DYNAMIC_NO_PIC = NO;
				GCC_NO_COMMON_BLOCKS = YES;
				GCC_OPTIMIZATION_LEVEL = 0;
				GCC_PREPROCESSOR_DEFINITIONS = (
					"DEBUG=1",
					"$(inherited)",
				);
				GCC_WARN_64_TO_32_BIT_CONVERSION = YES;
				GCC_WARN_ABOUT_RETURN_TYPE = YES_ERROR;
				GCC_WARN_UNDECLARED_SELECTOR = YES;
				GCC_WARN_UNINITIALIZED_AUTOS = YES_AGGRESSIVE;
				GCC_WARN_UNUSED_FUNCTION = YES;
				GCC_WARN_UNUSED_VARIABLE = YES;
				IPHONEOS_DEPLOYMENT_TARGET = 14.2;
				MTL_ENABLE_DEBUG_INFO = INCLUDE_SOURCE;
				MTL_FAST_MATH = YES;
				ONLY_ACTIVE_ARCH = YES;
				SDKROOT = iphoneos;
				SWIFT_ACTIVE_COMPILATION_CONDITIONS = DEBUG;
				SWIFT_OPTIMIZATION_LEVEL = "-Onone";
			};
			name = Debug;
		};
		0305050B25CF255C0066F19D /* Release */ = {
			isa = XCBuildConfiguration;
			buildSettings = {
				ALWAYS_SEARCH_USER_PATHS = NO;
				CLANG_ANALYZER_NONNULL = YES;
				CLANG_ANALYZER_NUMBER_OBJECT_CONVERSION = YES_AGGRESSIVE;
				CLANG_CXX_LANGUAGE_STANDARD = "gnu++14";
				CLANG_CXX_LIBRARY = "libc++";
				CLANG_ENABLE_MODULES = YES;
				CLANG_ENABLE_OBJC_ARC = YES;
				CLANG_ENABLE_OBJC_WEAK = YES;
				CLANG_WARN_BLOCK_CAPTURE_AUTORELEASING = YES;
				CLANG_WARN_BOOL_CONVERSION = YES;
				CLANG_WARN_COMMA = YES;
				CLANG_WARN_CONSTANT_CONVERSION = YES;
				CLANG_WARN_DEPRECATED_OBJC_IMPLEMENTATIONS = YES;
				CLANG_WARN_DIRECT_OBJC_ISA_USAGE = YES_ERROR;
				CLANG_WARN_DOCUMENTATION_COMMENTS = YES;
				CLANG_WARN_EMPTY_BODY = YES;
				CLANG_WARN_ENUM_CONVERSION = YES;
				CLANG_WARN_INFINITE_RECURSION = YES;
				CLANG_WARN_INT_CONVERSION = YES;
				CLANG_WARN_NON_LITERAL_NULL_CONVERSION = YES;
				CLANG_WARN_OBJC_IMPLICIT_RETAIN_SELF = YES;
				CLANG_WARN_OBJC_LITERAL_CONVERSION = YES;
				CLANG_WARN_OBJC_ROOT_CLASS = YES_ERROR;
				CLANG_WARN_QUOTED_INCLUDE_IN_FRAMEWORK_HEADER = YES;
				CLANG_WARN_RANGE_LOOP_ANALYSIS = YES;
				CLANG_WARN_STRICT_PROTOTYPES = YES;
				CLANG_WARN_SUSPICIOUS_MOVE = YES;
				CLANG_WARN_UNGUARDED_AVAILABILITY = YES_AGGRESSIVE;
				CLANG_WARN_UNREACHABLE_CODE = YES;
				CLANG_WARN__DUPLICATE_METHOD_MATCH = YES;
				COPY_PHASE_STRIP = NO;
				DEBUG_INFORMATION_FORMAT = "dwarf-with-dsym";
				ENABLE_NS_ASSERTIONS = NO;
				ENABLE_STRICT_OBJC_MSGSEND = YES;
				GCC_C_LANGUAGE_STANDARD = gnu11;
				GCC_NO_COMMON_BLOCKS = YES;
				GCC_WARN_64_TO_32_BIT_CONVERSION = YES;
				GCC_WARN_ABOUT_RETURN_TYPE = YES_ERROR;
				GCC_WARN_UNDECLARED_SELECTOR = YES;
				GCC_WARN_UNINITIALIZED_AUTOS = YES_AGGRESSIVE;
				GCC_WARN_UNUSED_FUNCTION = YES;
				GCC_WARN_UNUSED_VARIABLE = YES;
				IPHONEOS_DEPLOYMENT_TARGET = 14.2;
				MTL_ENABLE_DEBUG_INFO = NO;
				MTL_FAST_MATH = YES;
				SDKROOT = iphoneos;
				SWIFT_COMPILATION_MODE = wholemodule;
				SWIFT_OPTIMIZATION_LEVEL = "-O";
				VALIDATE_PRODUCT = YES;
			};
			name = Release;
		};
		0305050D25CF255C0066F19D /* Debug */ = {
			isa = XCBuildConfiguration;
			buildSettings = {
				ASSETCATALOG_COMPILER_APPICON_NAME = AppIcon;
				ASSETCATALOG_COMPILER_GLOBAL_ACCENT_COLOR_NAME = AccentColor;
				CODE_SIGN_STYLE = Automatic;
				DEVELOPMENT_ASSET_PATHS = "\"Instaframe/Preview Content\"";
				DEVELOPMENT_TEAM = WPBQ8J7KVV;
				ENABLE_PREVIEWS = YES;
				INFOPLIST_FILE = Instaframe/Info.plist;
				LD_RUNPATH_SEARCH_PATHS = (
					"$(inherited)",
					"@executable_path/Frameworks",
				);
				PRODUCT_BUNDLE_IDENTIFIER = jbwaring.Instaframe;
				PRODUCT_NAME = "$(TARGET_NAME)";
				SWIFT_VERSION = 5.0;
				TARGETED_DEVICE_FAMILY = "1,2";
			};
			name = Debug;
		};
		0305050E25CF255C0066F19D /* Release */ = {
			isa = XCBuildConfiguration;
			buildSettings = {
				ASSETCATALOG_COMPILER_APPICON_NAME = AppIcon;
				ASSETCATALOG_COMPILER_GLOBAL_ACCENT_COLOR_NAME = AccentColor;
				CODE_SIGN_STYLE = Automatic;
				DEVELOPMENT_ASSET_PATHS = "\"Instaframe/Preview Content\"";
				DEVELOPMENT_TEAM = WPBQ8J7KVV;
				ENABLE_PREVIEWS = YES;
				INFOPLIST_FILE = Instaframe/Info.plist;
				LD_RUNPATH_SEARCH_PATHS = (
					"$(inherited)",
					"@executable_path/Frameworks",
				);
				PRODUCT_BUNDLE_IDENTIFIER = jbwaring.Instaframe;
				PRODUCT_NAME = "$(TARGET_NAME)";
				SWIFT_VERSION = 5.0;
				TARGETED_DEVICE_FAMILY = "1,2";
			};
			name = Release;
		};
/* End XCBuildConfiguration section */

/* Begin XCConfigurationList section */
		030504F025CF25580066F19D /* Build configuration list for PBXProject "Instaframe" */ = {
			isa = XCConfigurationList;
			buildConfigurations = (
				0305050A25CF255C0066F19D /* Debug */,
				0305050B25CF255C0066F19D /* Release */,
			);
			defaultConfigurationIsVisible = 0;
			defaultConfigurationName = Release;
		};
		0305050C25CF255C0066F19D /* Build configuration list for PBXNativeTarget "Instaframe" */ = {
			isa = XCConfigurationList;
			buildConfigurations = (
				0305050D25CF255C0066F19D /* Debug */,
				0305050E25CF255C0066F19D /* Release */,
			);
			defaultConfigurationIsVisible = 0;
			defaultConfigurationName = Release;
		};
/* End XCConfigurationList section */

/* Begin XCVersionGroup section */
		030504FE25CF25580066F19D /* Instaframe.xcdatamodeld */ = {
			isa = XCVersionGroup;
			children = (
				030504FF25CF25580066F19D /* Instaframe.xcdatamodel */,
			);
			currentVersion = 030504FF25CF25580066F19D /* Instaframe.xcdatamodel */;
			path = Instaframe.xcdatamodeld;
			sourceTree = "<group>";
			versionGroupType = wrapper.xcdatamodel;
		};
/* End XCVersionGroup section */
	};
	rootObject = 030504ED25CF25580066F19D /* Project object */;
}
